// !$*UTF8*$!
{
	archiveVersion = 1;
	classes = {
	};
	objectVersion = 56;
	objects = {

/* Begin PBXBuildFile section */
		5539B27D2A04E96600BC7C8D /* AppDelegate.swift in Sources */ = {isa = PBXBuildFile; fileRef = 5539B27C2A04E96600BC7C8D /* AppDelegate.swift */; };
		5539B27F2A04E96600BC7C8D /* SceneDelegate.swift in Sources */ = {isa = PBXBuildFile; fileRef = 5539B27E2A04E96600BC7C8D /* SceneDelegate.swift */; };
		5539B2812A04E96600BC7C8D /* ViewController.swift in Sources */ = {isa = PBXBuildFile; fileRef = 5539B2802A04E96600BC7C8D /* ViewController.swift */; };
		5539B2842A04E96600BC7C8D /* Main.storyboard in Resources */ = {isa = PBXBuildFile; fileRef = 5539B2822A04E96600BC7C8D /* Main.storyboard */; };
		5539B2862A04E96700BC7C8D /* Assets.xcassets in Resources */ = {isa = PBXBuildFile; fileRef = 5539B2852A04E96700BC7C8D /* Assets.xcassets */; };
		5539B2892A04E96700BC7C8D /* LaunchScreen.storyboard in Resources */ = {isa = PBXBuildFile; fileRef = 5539B2872A04E96700BC7C8D /* LaunchScreen.storyboard */; };
		5539B2912A08EE6800BC7C8D /* SectionHeaderView.swift in Sources */ = {isa = PBXBuildFile; fileRef = 5539B2902A08EE6800BC7C8D /* SectionHeaderView.swift */; };
		55877D842D263C97001EA6B4 /* PinterestLayout.swift in Sources */ = {isa = PBXBuildFile; fileRef = 55877D832D263C97001EA6B4 /* PinterestLayout.swift */; };
		5596FDC32BB54CBD003AF640 /* TestVC.swift in Sources */ = {isa = PBXBuildFile; fileRef = 5596FDC22BB54CBD003AF640 /* TestVC.swift */; };
		55A3EA9B2D26958900601E9A /* UIcolor+Ext.swift in Sources */ = {isa = PBXBuildFile; fileRef = 55A3EA9A2D26958900601E9A /* UIcolor+Ext.swift */; };
/* End PBXBuildFile section */

/* Begin PBXFileReference section */
		5539B2792A04E96600BC7C8D /* Test.app */ = {isa = PBXFileReference; explicitFileType = wrapper.application; includeInIndex = 0; path = Test.app; sourceTree = BUILT_PRODUCTS_DIR; };
		5539B27C2A04E96600BC7C8D /* AppDelegate.swift */ = {isa = PBXFileReference; lastKnownFileType = sourcecode.swift; path = AppDelegate.swift; sourceTree = "<group>"; };
		5539B27E2A04E96600BC7C8D /* SceneDelegate.swift */ = {isa = PBXFileReference; lastKnownFileType = sourcecode.swift; path = SceneDelegate.swift; sourceTree = "<group>"; };
		5539B2802A04E96600BC7C8D /* ViewController.swift */ = {isa = PBXFileReference; lastKnownFileType = sourcecode.swift; path = ViewController.swift; sourceTree = "<group>"; };
		5539B2832A04E96600BC7C8D /* Base */ = {isa = PBXFileReference; lastKnownFileType = file.storyboard; name = Base; path = Base.lproj/Main.storyboard; sourceTree = "<group>"; };
		5539B2852A04E96700BC7C8D /* Assets.xcassets */ = {isa = PBXFileReference; lastKnownFileType = folder.assetcatalog; path = Assets.xcassets; sourceTree = "<group>"; };
		5539B2882A04E96700BC7C8D /* Base */ = {isa = PBXFileReference; lastKnownFileType = file.storyboard; name = Base; path = Base.lproj/LaunchScreen.storyboard; sourceTree = "<group>"; };
		5539B28A2A04E96700BC7C8D /* Info.plist */ = {isa = PBXFileReference; lastKnownFileType = text.plist.xml; path = Info.plist; sourceTree = "<group>"; };
		5539B2902A08EE6800BC7C8D /* SectionHeaderView.swift */ = {isa = PBXFileReference; lastKnownFileType = sourcecode.swift; path = SectionHeaderView.swift; sourceTree = "<group>"; };
		55877D832D263C97001EA6B4 /* PinterestLayout.swift */ = {isa = PBXFileReference; lastKnownFileType = sourcecode.swift; path = PinterestLayout.swift; sourceTree = "<group>"; };
		5596FDC22BB54CBD003AF640 /* TestVC.swift */ = {isa = PBXFileReference; lastKnownFileType = sourcecode.swift; path = TestVC.swift; sourceTree = "<group>"; };
		55A3EA9A2D26958900601E9A /* UIcolor+Ext.swift */ = {isa = PBXFileReference; lastKnownFileType = sourcecode.swift; path = "UIcolor+Ext.swift"; sourceTree = "<group>"; };
/* End PBXFileReference section */

/* Begin PBXFrameworksBuildPhase section */
		5539B2762A04E96600BC7C8D /* Frameworks */ = {
			isa = PBXFrameworksBuildPhase;
			buildActionMask = 2147483647;
			files = (
			);
			runOnlyForDeploymentPostprocessing = 0;
		};
/* End PBXFrameworksBuildPhase section */

/* Begin PBXGroup section */
		5539B2702A04E96600BC7C8D = {
			isa = PBXGroup;
			children = (
				5539B27B2A04E96600BC7C8D /* Test */,
				5539B27A2A04E96600BC7C8D /* Products */,
			);
			sourceTree = "<group>";
		};
		5539B27A2A04E96600BC7C8D /* Products */ = {
			isa = PBXGroup;
			children = (
				5539B2792A04E96600BC7C8D /* Test.app */,
			);
			name = Products;
			sourceTree = "<group>";
		};
		5539B27B2A04E96600BC7C8D /* Test */ = {
			isa = PBXGroup;
			children = (
				55A3EA992D26957300601E9A /* Extension */,
				5539B27C2A04E96600BC7C8D /* AppDelegate.swift */,
				5539B27E2A04E96600BC7C8D /* SceneDelegate.swift */,
				5539B2802A04E96600BC7C8D /* ViewController.swift */,
				5539B2822A04E96600BC7C8D /* Main.storyboard */,
				5539B2902A08EE6800BC7C8D /* SectionHeaderView.swift */,
				55877D822D263C5D001EA6B4 /* LayoutTest */,
				5596FDC22BB54CBD003AF640 /* TestVC.swift */,
				5539B2852A04E96700BC7C8D /* Assets.xcassets */,
				5539B2872A04E96700BC7C8D /* LaunchScreen.storyboard */,
				5539B28A2A04E96700BC7C8D /* Info.plist */,
			);
			path = Test;
			sourceTree = "<group>";
		};
		55877D822D263C5D001EA6B4 /* LayoutTest */ = {
			isa = PBXGroup;
			children = (
				55877D832D263C97001EA6B4 /* PinterestLayout.swift */,
			);
			path = LayoutTest;
			sourceTree = "<group>";
		};
		55A3EA992D26957300601E9A /* Extension */ = {
			isa = PBXGroup;
			children = (
				55A3EA9A2D26958900601E9A /* UIcolor+Ext.swift */,
			);
			path = Extension;
			sourceTree = "<group>";
		};
/* End PBXGroup section */

/* Begin PBXNativeTarget section */
		5539B2782A04E96600BC7C8D /* Test */ = {
			isa = PBXNativeTarget;
			buildConfigurationList = 5539B28D2A04E96700BC7C8D /* Build configuration list for PBXNativeTarget "Test" */;
			buildPhases = (
				5539B2752A04E96600BC7C8D /* Sources */,
				5539B2762A04E96600BC7C8D /* Frameworks */,
				5539B2772A04E96600BC7C8D /* Resources */,
			);
			buildRules = (
			);
			dependencies = (
			);
			name = Test;
			productName = Test;
			productReference = 5539B2792A04E96600BC7C8D /* Test.app */;
			productType = "com.apple.product-type.application";
		};
/* End PBXNativeTarget section */

/* Begin PBXProject section */
		5539B2712A04E96600BC7C8D /* Project object */ = {
			isa = PBXProject;
			attributes = {
				BuildIndependentTargetsInParallel = 1;
				LastSwiftUpdateCheck = 1420;
				LastUpgradeCheck = 1420;
				TargetAttributes = {
					5539B2782A04E96600BC7C8D = {
						CreatedOnToolsVersion = 14.2;
					};
				};
			};
			buildConfigurationList = 5539B2742A04E96600BC7C8D /* Build configuration list for PBXProject "Test" */;
			compatibilityVersion = "Xcode 14.0";
			developmentRegion = en;
			hasScannedForEncodings = 0;
			knownRegions = (
				en,
				Base,
			);
			mainGroup = 5539B2702A04E96600BC7C8D;
			productRefGroup = 5539B27A2A04E96600BC7C8D /* Products */;
			projectDirPath = "";
			projectRoot = "";
			targets = (
				5539B2782A04E96600BC7C8D /* Test */,
			);
		};
/* End PBXProject section */

/* Begin PBXResourcesBuildPhase section */
		5539B2772A04E96600BC7C8D /* Resources */ = {
			isa = PBXResourcesBuildPhase;
			buildActionMask = 2147483647;
			files = (
				5539B2892A04E96700BC7C8D /* LaunchScreen.storyboard in Resources */,
				5539B2862A04E96700BC7C8D /* Assets.xcassets in Resources */,
				5539B2842A04E96600BC7C8D /* Main.storyboard in Resources */,
			);
			runOnlyForDeploymentPostprocessing = 0;
		};
/* End PBXResourcesBuildPhase section */

/* Begin PBXSourcesBuildPhase section */
		5539B2752A04E96600BC7C8D /* Sources */ = {
			isa = PBXSourcesBuildPhase;
			buildActionMask = 2147483647;
			files = (
				55877D842D263C97001EA6B4 /* PinterestLayout.swift in Sources */,
				5596FDC32BB54CBD003AF640 /* TestVC.swift in Sources */,
				5539B2812A04E96600BC7C8D /* ViewController.swift in Sources */,
				5539B27D2A04E96600BC7C8D /* AppDelegate.swift in Sources */,
				55A3EA9B2D26958900601E9A /* UIcolor+Ext.swift in Sources */,
				5539B27F2A04E96600BC7C8D /* SceneDelegate.swift in Sources */,
				5539B2912A08EE6800BC7C8D /* SectionHeaderView.swift in Sources */,
			);
			runOnlyForDeploymentPostprocessing = 0;
		};
/* End PBXSourcesBuildPhase section */

/* Begin PBXVariantGroup section */
		5539B2822A04E96600BC7C8D /* Main.storyboard */ = {
			isa = PBXVariantGroup;
			children = (
				5539B2832A04E96600BC7C8D /* Base */,
			);
			name = Main.storyboard;
			sourceTree = "<group>";
		};
		5539B2872A04E96700BC7C8D /* LaunchScreen.storyboard */ = {
			isa = PBXVariantGroup;
			children = (
				5539B2882A04E96700BC7C8D /* Base */,
			);
			name = LaunchScreen.storyboard;
			sourceTree = "<group>";
		};
/* End PBXVariantGroup section */

/* Begin XCBuildConfiguration section */
		5539B28B2A04E96700BC7C8D /* Debug */ = {
			isa = XCBuildConfiguration;
			buildSettings = {
				ALWAYS_SEARCH_USER_PATHS = NO;
				CLANG_ANALYZER_NONNULL = YES;
				CLANG_ANALYZER_NUMBER_OBJECT_CONVERSION = YES_AGGRESSIVE;
				CLANG_CXX_LANGUAGE_STANDARD = "gnu++20";
				CLANG_ENABLE_MODULES = YES;
				CLANG_ENABLE_OBJC_ARC = YES;
				CLANG_ENABLE_OBJC_WEAK = YES;
				CLANG_WARN_BLOCK_CAPTURE_AUTORELEASING = YES;
				CLANG_WARN_BOOL_CONVERSION = YES;
				CLANG_WARN_COMMA = YES;
				CLANG_WARN_CONSTANT_CONVERSION = YES;
				CLANG_WARN_DEPRECATED_OBJC_IMPLEMENTATIONS = YES;
				CLANG_WARN_DIRECT_OBJC_ISA_USAGE = YES_ERROR;
				CLANG_WARN_DOCUMENTATION_COMMENTS = YES;
				CLANG_WARN_EMPTY_BODY = YES;
				CLANG_WARN_ENUM_CONVERSION = YES;
				CLANG_WARN_INFINITE_RECURSION = YES;
				CLANG_WARN_INT_CONVERSION = YES;
				CLANG_WARN_NON_LITERAL_NULL_CONVERSION = YES;
				CLANG_WARN_OBJC_IMPLICIT_RETAIN_SELF = YES;
				CLANG_WARN_OBJC_LITERAL_CONVERSION = YES;
				CLANG_WARN_OBJC_ROOT_CLASS = YES_ERROR;
				CLANG_WARN_QUOTED_INCLUDE_IN_FRAMEWORK_HEADER = YES;
				CLANG_WARN_RANGE_LOOP_ANALYSIS = YES;
				CLANG_WARN_STRICT_PROTOTYPES = YES;
				CLANG_WARN_SUSPICIOUS_MOVE = YES;
				CLANG_WARN_UNGUARDED_AVAILABILITY = YES_AGGRESSIVE;
				CLANG_WARN_UNREACHABLE_CODE = YES;
				CLANG_WARN__DUPLICATE_METHOD_MATCH = YES;
				COPY_PHASE_STRIP = NO;
				DEBUG_INFORMATION_FORMAT = dwarf;
				ENABLE_STRICT_OBJC_MSGSEND = YES;
				ENABLE_TESTABILITY = YES;
				GCC_C_LANGUAGE_STANDARD = gnu11;
				GCC_DYNAMIC_NO_PIC = NO;
				GCC_NO_COMMON_BLOCKS = YES;
				GCC_OPTIMIZATION_LEVEL = 0;
				GCC_PREPROCESSOR_DEFINITIONS = (
					"DEBUG=1",
					"$(inherited)",
				);
				GCC_WARN_64_TO_32_BIT_CONVERSION = YES;
				GCC_WARN_ABOUT_RETURN_TYPE = YES_ERROR;
				GCC_WARN_UNDECLARED_SELECTOR = YES;
				GCC_WARN_UNINITIALIZED_AUTOS = YES_AGGRESSIVE;
				GCC_WARN_UNUSED_FUNCTION = YES;
				GCC_WARN_UNUSED_VARIABLE = YES;
				IPHONEOS_DEPLOYMENT_TARGET = 17.0;
				MTL_ENABLE_DEBUG_INFO = INCLUDE_SOURCE;
				MTL_FAST_MATH = YES;
				ONLY_ACTIVE_ARCH = YES;
				SDKROOT = iphoneos;
				SWIFT_ACTIVE_COMPILATION_CONDITIONS = DEBUG;
				SWIFT_OPTIMIZATION_LEVEL = "-Onone";
			};
			name = Debug;
		};
		5539B28C2A04E96700BC7C8D /* Release */ = {
			isa = XCBuildConfiguration;
			buildSettings = {
				ALWAYS_SEARCH_USER_PATHS = NO;
				CLANG_ANALYZER_NONNULL = YES;
				CLANG_ANALYZER_NUMBER_OBJECT_CONVERSION = YES_AGGRESSIVE;
				CLANG_CXX_LANGUAGE_STANDARD = "gnu++20";
				CLANG_ENABLE_MODULES = YES;
				CLANG_ENABLE_OBJC_ARC = YES;
				CLANG_ENABLE_OBJC_WEAK = YES;
				CLANG_WARN_BLOCK_CAPTURE_AUTORELEASING = YES;
				CLANG_WARN_BOOL_CONVERSION = YES;
				CLANG_WARN_COMMA = YES;
				CLANG_WARN_CONSTANT_CONVERSION = YES;
				CLANG_WARN_DEPRECATED_OBJC_IMPLEMENTATIONS = YES;
				CLANG_WARN_DIRECT_OBJC_ISA_USAGE = YES_ERROR;
				CLANG_WARN_DOCUMENTATION_COMMENTS = YES;
				CLANG_WARN_EMPTY_BODY = YES;
				CLANG_WARN_ENUM_CONVERSION = YES;
				CLANG_WARN_INFINITE_RECURSION = YES;
				CLANG_WARN_INT_CONVERSION = YES;
				CLANG_WARN_NON_LITERAL_NULL_CONVERSION = YES;
				CLANG_WARN_OBJC_IMPLICIT_RETAIN_SELF = YES;
				CLANG_WARN_OBJC_LITERAL_CONVERSION = YES;
				CLANG_WARN_OBJC_ROOT_CLASS = YES_ERROR;
				CLANG_WARN_QUOTED_INCLUDE_IN_FRAMEWORK_HEADER = YES;
				CLANG_WARN_RANGE_LOOP_ANALYSIS = YES;
				CLANG_WARN_STRICT_PROTOTYPES = YES;
				CLANG_WARN_SUSPICIOUS_MOVE = YES;
				CLANG_WARN_UNGUARDED_AVAILABILITY = YES_AGGRESSIVE;
				CLANG_WARN_UNREACHABLE_CODE = YES;
				CLANG_WARN__DUPLICATE_METHOD_MATCH = YES;
				COPY_PHASE_STRIP = NO;
				DEBUG_INFORMATION_FORMAT = "dwarf-with-dsym";
				ENABLE_NS_ASSERTIONS = NO;
				ENABLE_STRICT_OBJC_MSGSEND = YES;
				GCC_C_LANGUAGE_STANDARD = gnu11;
				GCC_NO_COMMON_BLOCKS = YES;
				GCC_WARN_64_TO_32_BIT_CONVERSION = YES;
				GCC_WARN_ABOUT_RETURN_TYPE = YES_ERROR;
				GCC_WARN_UNDECLARED_SELECTOR = YES;
				GCC_WARN_UNINITIALIZED_AUTOS = YES_AGGRESSIVE;
				GCC_WARN_UNUSED_FUNCTION = YES;
				GCC_WARN_UNUSED_VARIABLE = YES;
				IPHONEOS_DEPLOYMENT_TARGET = 17.0;
				MTL_ENABLE_DEBUG_INFO = NO;
				MTL_FAST_MATH = YES;
				SDKROOT = iphoneos;
				SWIFT_COMPILATION_MODE = wholemodule;
				SWIFT_OPTIMIZATION_LEVEL = "-O";
				VALIDATE_PRODUCT = YES;
			};
			name = Release;
		};
		5539B28E2A04E96700BC7C8D /* Debug */ = {
			isa = XCBuildConfiguration;
			buildSettings = {
				ASSETCATALOG_COMPILER_APPICON_NAME = AppIcon;
				ASSETCATALOG_COMPILER_GLOBAL_ACCENT_COLOR_NAME = AccentColor;
				CODE_SIGN_STYLE = Automatic;
				CURRENT_PROJECT_VERSION = 1;
				DEVELOPMENT_TEAM = FU2DP67FB5;
				GENERATE_INFOPLIST_FILE = YES;
				INFOPLIST_FILE = Test/Info.plist;
				INFOPLIST_KEY_UIApplicationSupportsIndirectInputEvents = YES;
				INFOPLIST_KEY_UILaunchStoryboardName = LaunchScreen;
				INFOPLIST_KEY_UIMainStoryboardFile = Main;
				INFOPLIST_KEY_UISupportedInterfaceOrientations = UIInterfaceOrientationPortrait;
				IPHONEOS_DEPLOYMENT_TARGET = 17.0;
				LD_RUNPATH_SEARCH_PATHS = (
					"$(inherited)",
					"@executable_path/Frameworks",
				);
				MARKETING_VERSION = 1.0;
				PRODUCT_BUNDLE_IDENTIFIER = com.panasonic.Test;
				PRODUCT_NAME = "$(TARGET_NAME)";
				SWIFT_EMIT_LOC_STRINGS = YES;
				SWIFT_VERSION = 5.0;
				TARGETED_DEVICE_FAMILY = "1,2";
			};
			name = Debug;
		};
		5539B28F2A04E96700BC7C8D /* Release */ = {
			isa = XCBuildConfiguration;
			buildSettings = {
				ASSETCATALOG_COMPILER_APPICON_NAME = AppIcon;
				ASSETCATALOG_COMPILER_GLOBAL_ACCENT_COLOR_NAME = AccentColor;
				CODE_SIGN_STYLE = Automatic;
				CURRENT_PROJECT_VERSION = 1;
				DEVELOPMENT_TEAM = FU2DP67FB5;
				GENERATE_INFOPLIST_FILE = YES;
				INFOPLIST_FILE = Test/Info.plist;
				INFOPLIST_KEY_UIApplicationSupportsIndirectInputEvents = YES;
				INFOPLIST_KEY_UILaunchStoryboardName = LaunchScreen;
				INFOPLIST_KEY_UIMainStoryboardFile = Main;
				INFOPLIST_KEY_UISupportedInterfaceOrientations = UIInterfaceOrientationPortrait;
				IPHONEOS_DEPLOYMENT_TARGET = 17.0;
				LD_RUNPATH_SEARCH_PATHS = (
					"$(inherited)",
					"@executable_path/Frameworks",
				);
				MARKETING_VERSION = 1.0;
				PRODUCT_BUNDLE_IDENTIFIER = com.panasonic.Test;
				PRODUCT_NAME = "$(TARGET_NAME)";
				SWIFT_EMIT_LOC_STRINGS = YES;
				SWIFT_VERSION = 5.0;
				TARGETED_DEVICE_FAMILY = "1,2";
			};
			name = Release;
		};
/* End XCBuildConfiguration section */

/* Begin XCConfigurationList section */
		5539B2742A04E96600BC7C8D /* Build configuration list for PBXProject "Test" */ = {
			isa = XCConfigurationList;
			buildConfigurations = (
				5539B28B2A04E96700BC7C8D /* Debug */,
				5539B28C2A04E96700BC7C8D /* Release */,
			);
			defaultConfigurationIsVisible = 0;
			defaultConfigurationName = Release;
		};
		5539B28D2A04E96700BC7C8D /* Build configuration list for PBXNativeTarget "Test" */ = {
			isa = XCConfigurationList;
			buildConfigurations = (
				5539B28E2A04E96700BC7C8D /* Debug */,
				5539B28F2A04E96700BC7C8D /* Release */,
			);
			defaultConfigurationIsVisible = 0;
			defaultConfigurationName = Release;
		};
/* End XCConfigurationList section */
	};
	rootObject = 5539B2712A04E96600BC7C8D /* Project object */;
}
